
Microsoft Visual Studio Solution File, Format Version 12.00
# Visual Studio Version 16
VisualStudioVersion = 16.0.31702.278
MinimumVisualStudioVersion = 10.0.40219.1
Project("{9A19103F-16F7-4668-BE54-9A1E7A4F7556}") = "UPECConnect", "UPECConnect\UPECConnect.csproj", "{A6FE49FA-AF10-4477-A67F-0C52CB1E3D63}"
EndProject
Project("{FAE04EC0-301F-11D3-BF4B-00C04F79EFBC}") = "TESTES1", "TESTES1\TESTES1.csproj", "{A754DF52-4C4B-4B48-BCE0-C6F720A620C2}"
EndProject
Project("{FAE04EC0-301F-11D3-BF4B-00C04F79EFBC}") = "UPECLogic", "UPECLogic1\UPECLogic.csproj", "{4342AFD5-D05C-4EB3-ADF7-20265F1884E7}"
EndProject
Project("{FAE04EC0-301F-11D3-BF4B-00C04F79EFBC}") = "UPWebPrestaShop", "UPWebPrestaShop\UPWebPrestaShop.csproj", "{374B4F52-B696-423C-BAE0-B9ABF4E1B415}"
EndProject
Project("{FAE04EC0-301F-11D3-BF4B-00C04F79EFBC}") = "UPECConnectService", "UPECConnectService\UPECConnectService.csproj", "{036CFFCF-8017-4C54-A0FB-571A8D6CB444}"
EndProject
Global
	GlobalSection(SolutionConfigurationPlatforms) = preSolution
		Debug|Any CPU = Debug|Any CPU
		Release|Any CPU = Release|Any CPU
	EndGlobalSection
	GlobalSection(ProjectConfigurationPlatforms) = postSolution
		{A6FE49FA-AF10-4477-A67F-0C52CB1E3D63}.Debug|Any CPU.ActiveCfg = Debug|Any CPU
		{A6FE49FA-AF10-4477-A67F-0C52CB1E3D63}.Debug|Any CPU.Build.0 = Debug|Any CPU
		{A6FE49FA-AF10-4477-A67F-0C52CB1E3D63}.Release|Any CPU.ActiveCfg = Release|Any CPU
		{A6FE49FA-AF10-4477-A67F-0C52CB1E3D63}.Release|Any CPU.Build.0 = Release|Any CPU
		{A754DF52-4C4B-4B48-BCE0-C6F720A620C2}.Debug|Any CPU.ActiveCfg = Debug|Any CPU
		{A754DF52-4C4B-4B48-BCE0-C6F720A620C2}.Debug|Any CPU.Build.0 = Debug|Any CPU
		{A754DF52-4C4B-4B48-BCE0-C6F720A620C2}.Release|Any CPU.ActiveCfg = Release|Any CPU
		{A754DF52-4C4B-4B48-BCE0-C6F720A620C2}.Release|Any CPU.Build.0 = Release|Any CPU
		{4342AFD5-D05C-4EB3-ADF7-20265F1884E7}.Debug|Any CPU.ActiveCfg = Debug|Any CPU
		{4342AFD5-D05C-4EB3-ADF7-20265F1884E7}.Debug|Any CPU.Build.0 = Debug|Any CPU
		{4342AFD5-D05C-4EB3-ADF7-20265F1884E7}.Release|Any CPU.ActiveCfg = Release|Any CPU
		{4342AFD5-D05C-4EB3-ADF7-20265F1884E7}.Release|Any CPU.Build.0 = Release|Any CPU
		{374B4F52-B696-423C-BAE0-B9ABF4E1B415}.Debug|Any CPU.ActiveCfg = Debug|Any CPU
		{374B4F52-B696-423C-BAE0-B9ABF4E1B415}.Debug|Any CPU.Build.0 = Debug|Any CPU
		{374B4F52-B696-423C-BAE0-B9ABF4E1B415}.Release|Any CPU.ActiveCfg = Release|Any CPU
		{374B4F52-B696-423C-BAE0-B9ABF4E1B415}.Release|Any CPU.Build.0 = Release|Any CPU
		{036CFFCF-8017-4C54-A0FB-571A8D6CB444}.Debug|Any CPU.ActiveCfg = Debug|Any CPU
		{036CFFCF-8017-4C54-A0FB-571A8D6CB444}.Debug|Any CPU.Build.0 = Debug|Any CPU
		{036CFFCF-8017-4C54-A0FB-571A8D6CB444}.Release|Any CPU.ActiveCfg = Release|Any CPU
		{036CFFCF-8017-4C54-A0FB-571A8D6CB444}.Release|Any CPU.Build.0 = Release|Any CPU
	EndGlobalSection
	GlobalSection(SolutionProperties) = preSolution
		HideSolutionNode = FALSE
	EndGlobalSection
	GlobalSection(ExtensibilityGlobals) = postSolution
		SolutionGuid = {E8721E7F-DC50-4E25-9D6A-DEBCA6F5E8CF}
	EndGlobalSection
EndGlobal
